{
  "name": "react-redux-normalizing-data",
  "lockfileVersion": 3,
  "requires": true,
  "packages": {
    "": {
      "dependencies": {
        "reselect": "^5.0.1"
      }
    },
    "node_modules/reselect": {
      "version": "5.0.1",
      "resolved": "https://registry.npmjs.org/reselect/-/reselect-5.0.1.tgz",
      "integrity": "sha512-D72j2ubjgHpvuCiORWkOUxndHJrxDaSolheiz5CO+roz8ka97/4msh2E8F5qay4GawR5vzBt5MkbDHT+Rdy/Wg=="
    }
  }
}
